{
  "name": "@jerkovicl/ngx-gtm",
  "version": "1.2.1",
  "lockfileVersion": 3,
  "requires": true,
  "packages": {
    "": {
      "name": "@jerkovicl/ngx-gtm",
      "version": "1.2.1",
      "dependencies": {
        "@jerkovicl/ngx-gtm": "file:",
        "tslib": "^2.6.3"
      },
      "peerDependencies": {
        "@angular/common": ">=16 <19",
        "@angular/core": ">=16 <19"
      }
    },
    "node_modules/@jerkovicl/ngx-gtm": {
      "resolved": "",
      "link": true
    },
    "node_modules/tslib": {
      "version": "2.7.0",
      "resolved": "https://registry.npmjs.org/tslib/-/tslib-2.7.0.tgz",
      "integrity": "sha512-gLXCKdN1/j47AiHiOkJN69hJmcbGTHI0ImLmbYLHykhgeN0jVGola9yVjFgzCUklsZQMW55o+dW7IXv3RCXDzA=="
    }
  }
}
